// !$*UTF8*$!
{
	archiveVersion = 1;
	classes = {
	};
	objectVersion = 56;
	objects = {

/* Begin PBXBuildFile section */
		9431F2592BB5F987002070B2 /* Assets.xcassets in Resources */ = {isa = PBXBuildFile; fileRef = 9431F2582BB5F987002070B2 /* Assets.xcassets */; };
		9431F25C2BB5F987002070B2 /* LaunchScreen.storyboard in Resources */ = {isa = PBXBuildFile; fileRef = 9431F25A2BB5F987002070B2 /* LaunchScreen.storyboard */; };
		9431F2692BB5F9A5002070B2 /* SceneDelegate.swift in Sources */ = {isa = PBXBuildFile; fileRef = 9431F2632BB5F9A5002070B2 /* SceneDelegate.swift */; };
		9431F26C2BB5F9A5002070B2 /* AppDelegate.swift in Sources */ = {isa = PBXBuildFile; fileRef = 9431F2662BB5F9A5002070B2 /* AppDelegate.swift */; };
		9431F2842BB5FA1F002070B2 /* CountriesRequesting.swift in Sources */ = {isa = PBXBuildFile; fileRef = 9431F2702BB5FA1F002070B2 /* CountriesRequesting.swift */; };
		9431F2852BB5FA1F002070B2 /* APIError.swift in Sources */ = {isa = PBXBuildFile; fileRef = 9431F2722BB5FA1F002070B2 /* APIError.swift */; };
		9431F2862BB5FA1F002070B2 /* APIHeader.swift in Sources */ = {isa = PBXBuildFile; fileRef = 9431F2732BB5FA1F002070B2 /* APIHeader.swift */; };
		9431F2872BB5FA1F002070B2 /* APIConstants.swift in Sources */ = {isa = PBXBuildFile; fileRef = 9431F2742BB5FA1F002070B2 /* APIConstants.swift */; };
		9431F2882BB5FA1F002070B2 /* NetworkRequesting.swift in Sources */ = {isa = PBXBuildFile; fileRef = 9431F2752BB5FA1F002070B2 /* NetworkRequesting.swift */; };
		9431F2892BB5FA1F002070B2 /* APIRequest.swift in Sources */ = {isa = PBXBuildFile; fileRef = 9431F2762BB5FA1F002070B2 /* APIRequest.swift */; };
		9431F28A2BB5FA1F002070B2 /* CountryDTO.swift in Sources */ = {isa = PBXBuildFile; fileRef = 9431F2782BB5FA1F002070B2 /* CountryDTO.swift */; };
		9431F28B2BB5FA1F002070B2 /* CountriesRequest.swift in Sources */ = {isa = PBXBuildFile; fileRef = 9431F2792BB5FA1F002070B2 /* CountriesRequest.swift */; };
		9431F28C2BB5FA1F002070B2 /* CountriesLocalStore.swift in Sources */ = {isa = PBXBuildFile; fileRef = 9431F27B2BB5FA1F002070B2 /* CountriesLocalStore.swift */; };
		9431F28D2BB5FA1F002070B2 /* UserDefaultsStore.swift in Sources */ = {isa = PBXBuildFile; fileRef = 9431F27C2BB5FA1F002070B2 /* UserDefaultsStore.swift */; };
		9431F28E2BB5FA1F002070B2 /* CountriesInteractor.swift in Sources */ = {isa = PBXBuildFile; fileRef = 9431F27E2BB5FA1F002070B2 /* CountriesInteractor.swift */; };
		9431F28F2BB5FA1F002070B2 /* Country.swift in Sources */ = {isa = PBXBuildFile; fileRef = 9431F2812BB5FA1F002070B2 /* Country.swift */; };
		9431F2902BB5FA1F002070B2 /* CountriesListViewModel.swift in Sources */ = {isa = PBXBuildFile; fileRef = 9431F2822BB5FA1F002070B2 /* CountriesListViewModel.swift */; };
		9431F2912BB5FA1F002070B2 /* CountriesListViewController.swift in Sources */ = {isa = PBXBuildFile; fileRef = 9431F2832BB5FA1F002070B2 /* CountriesListViewController.swift */; };
		9431F2952BB5FCF1002070B2 /* CountryTableViewCell.swift in Sources */ = {isa = PBXBuildFile; fileRef = 9431F2942BB5FCF1002070B2 /* CountryTableViewCell.swift */; };
		9431F2972BB6FD90002070B2 /* RootNavigationController.swift in Sources */ = {isa = PBXBuildFile; fileRef = 9431F2962BB6FD90002070B2 /* RootNavigationController.swift */; };
/* End PBXBuildFile section */

/* Begin PBXFileReference section */
		9431F24C2BB5F984002070B2 /* CountriesList-UIKit.app */ = {isa = PBXFileReference; explicitFileType = wrapper.application; includeInIndex = 0; path = "CountriesList-UIKit.app"; sourceTree = BUILT_PRODUCTS_DIR; };
		9431F2582BB5F987002070B2 /* Assets.xcassets */ = {isa = PBXFileReference; lastKnownFileType = folder.assetcatalog; path = Assets.xcassets; sourceTree = "<group>"; };
		9431F25B2BB5F987002070B2 /* Base */ = {isa = PBXFileReference; lastKnownFileType = file.storyboard; name = Base; path = Base.lproj/LaunchScreen.storyboard; sourceTree = "<group>"; };
		9431F25D2BB5F987002070B2 /* Info.plist */ = {isa = PBXFileReference; lastKnownFileType = text.plist.xml; path = Info.plist; sourceTree = "<group>"; };
		9431F2632BB5F9A5002070B2 /* SceneDelegate.swift */ = {isa = PBXFileReference; fileEncoding = 4; lastKnownFileType = sourcecode.swift; name = SceneDelegate.swift; path = ../../../Assignments/WalmartCodingAssignment/WalmartCodingAssignment/SceneDelegate.swift; sourceTree = "<group>"; };
		9431F2662BB5F9A5002070B2 /* AppDelegate.swift */ = {isa = PBXFileReference; fileEncoding = 4; lastKnownFileType = sourcecode.swift; name = AppDelegate.swift; path = ../../../Assignments/WalmartCodingAssignment/WalmartCodingAssignment/AppDelegate.swift; sourceTree = "<group>"; };
		9431F2702BB5FA1F002070B2 /* CountriesRequesting.swift */ = {isa = PBXFileReference; fileEncoding = 4; lastKnownFileType = sourcecode.swift; path = CountriesRequesting.swift; sourceTree = "<group>"; };
		9431F2722BB5FA1F002070B2 /* APIError.swift */ = {isa = PBXFileReference; fileEncoding = 4; lastKnownFileType = sourcecode.swift; path = APIError.swift; sourceTree = "<group>"; };
		9431F2732BB5FA1F002070B2 /* APIHeader.swift */ = {isa = PBXFileReference; fileEncoding = 4; lastKnownFileType = sourcecode.swift; path = APIHeader.swift; sourceTree = "<group>"; };
		9431F2742BB5FA1F002070B2 /* APIConstants.swift */ = {isa = PBXFileReference; fileEncoding = 4; lastKnownFileType = sourcecode.swift; path = APIConstants.swift; sourceTree = "<group>"; };
		9431F2752BB5FA1F002070B2 /* NetworkRequesting.swift */ = {isa = PBXFileReference; fileEncoding = 4; lastKnownFileType = sourcecode.swift; path = NetworkRequesting.swift; sourceTree = "<group>"; };
		9431F2762BB5FA1F002070B2 /* APIRequest.swift */ = {isa = PBXFileReference; fileEncoding = 4; lastKnownFileType = sourcecode.swift; path = APIRequest.swift; sourceTree = "<group>"; };
		9431F2782BB5FA1F002070B2 /* CountryDTO.swift */ = {isa = PBXFileReference; fileEncoding = 4; lastKnownFileType = sourcecode.swift; path = CountryDTO.swift; sourceTree = "<group>"; };
		9431F2792BB5FA1F002070B2 /* CountriesRequest.swift */ = {isa = PBXFileReference; fileEncoding = 4; lastKnownFileType = sourcecode.swift; path = CountriesRequest.swift; sourceTree = "<group>"; };
		9431F27B2BB5FA1F002070B2 /* CountriesLocalStore.swift */ = {isa = PBXFileReference; fileEncoding = 4; lastKnownFileType = sourcecode.swift; path = CountriesLocalStore.swift; sourceTree = "<group>"; };
		9431F27C2BB5FA1F002070B2 /* UserDefaultsStore.swift */ = {isa = PBXFileReference; fileEncoding = 4; lastKnownFileType = sourcecode.swift; path = UserDefaultsStore.swift; sourceTree = "<group>"; };
		9431F27E2BB5FA1F002070B2 /* CountriesInteractor.swift */ = {isa = PBXFileReference; fileEncoding = 4; lastKnownFileType = sourcecode.swift; path = CountriesInteractor.swift; sourceTree = "<group>"; };
		9431F2812BB5FA1F002070B2 /* Country.swift */ = {isa = PBXFileReference; fileEncoding = 4; lastKnownFileType = sourcecode.swift; path = Country.swift; sourceTree = "<group>"; };
		9431F2822BB5FA1F002070B2 /* CountriesListViewModel.swift */ = {isa = PBXFileReference; fileEncoding = 4; lastKnownFileType = sourcecode.swift; path = CountriesListViewModel.swift; sourceTree = "<group>"; };
		9431F2832BB5FA1F002070B2 /* CountriesListViewController.swift */ = {isa = PBXFileReference; fileEncoding = 4; lastKnownFileType = sourcecode.swift; path = CountriesListViewController.swift; sourceTree = "<group>"; };
		9431F2942BB5FCF1002070B2 /* CountryTableViewCell.swift */ = {isa = PBXFileReference; lastKnownFileType = sourcecode.swift; path = CountryTableViewCell.swift; sourceTree = "<group>"; };
		9431F2962BB6FD90002070B2 /* RootNavigationController.swift */ = {isa = PBXFileReference; lastKnownFileType = sourcecode.swift; path = RootNavigationController.swift; sourceTree = "<group>"; };
/* End PBXFileReference section */

/* Begin PBXFrameworksBuildPhase section */
		9431F2492BB5F984002070B2 /* Frameworks */ = {
			isa = PBXFrameworksBuildPhase;
			buildActionMask = 2147483647;
			files = (
			);
			runOnlyForDeploymentPostprocessing = 0;
		};
/* End PBXFrameworksBuildPhase section */

/* Begin PBXGroup section */
		9431F2432BB5F984002070B2 = {
			isa = PBXGroup;
			children = (
				9431F24E2BB5F984002070B2 /* CountriesList-UIKit */,
				9431F24D2BB5F984002070B2 /* Products */,
			);
			sourceTree = "<group>";
		};
		9431F24D2BB5F984002070B2 /* Products */ = {
			isa = PBXGroup;
			children = (
				9431F24C2BB5F984002070B2 /* CountriesList-UIKit.app */,
			);
			name = Products;
			sourceTree = "<group>";
		};
		9431F24E2BB5F984002070B2 /* CountriesList-UIKit */ = {
			isa = PBXGroup;
			children = (
				9431F27D2BB5FA1F002070B2 /* Interactors */,
				9431F26F2BB5FA1F002070B2 /* Networking */,
				9431F27A2BB5FA1F002070B2 /* Persistence */,
				9431F27F2BB5FA1F002070B2 /* UI */,
				9431F2662BB5F9A5002070B2 /* AppDelegate.swift */,
				9431F2632BB5F9A5002070B2 /* SceneDelegate.swift */,
				9431F2582BB5F987002070B2 /* Assets.xcassets */,
				9431F25A2BB5F987002070B2 /* LaunchScreen.storyboard */,
				9431F25D2BB5F987002070B2 /* Info.plist */,
			);
			path = "CountriesList-UIKit";
			sourceTree = "<group>";
		};
		9431F26F2BB5FA1F002070B2 /* Networking */ = {
			isa = PBXGroup;
			children = (
				9431F2702BB5FA1F002070B2 /* CountriesRequesting.swift */,
				9431F2712BB5FA1F002070B2 /* Foundation */,
				9431F2772BB5FA1F002070B2 /* Models */,
			);
			path = Networking;
			sourceTree = "<group>";
		};
		9431F2712BB5FA1F002070B2 /* Foundation */ = {
			isa = PBXGroup;
			children = (
				9431F2722BB5FA1F002070B2 /* APIError.swift */,
				9431F2732BB5FA1F002070B2 /* APIHeader.swift */,
				9431F2742BB5FA1F002070B2 /* APIConstants.swift */,
				9431F2752BB5FA1F002070B2 /* NetworkRequesting.swift */,
				9431F2762BB5FA1F002070B2 /* APIRequest.swift */,
			);
			path = Foundation;
			sourceTree = "<group>";
		};
		9431F2772BB5FA1F002070B2 /* Models */ = {
			isa = PBXGroup;
			children = (
				9431F2782BB5FA1F002070B2 /* CountryDTO.swift */,
				9431F2792BB5FA1F002070B2 /* CountriesRequest.swift */,
			);
			path = Models;
			sourceTree = "<group>";
		};
		9431F27A2BB5FA1F002070B2 /* Persistence */ = {
			isa = PBXGroup;
			children = (
				9431F27B2BB5FA1F002070B2 /* CountriesLocalStore.swift */,
				9431F27C2BB5FA1F002070B2 /* UserDefaultsStore.swift */,
			);
			path = Persistence;
			sourceTree = "<group>";
		};
		9431F27D2BB5FA1F002070B2 /* Interactors */ = {
			isa = PBXGroup;
			children = (
				9431F27E2BB5FA1F002070B2 /* CountriesInteractor.swift */,
			);
			path = Interactors;
			sourceTree = "<group>";
		};
		9431F27F2BB5FA1F002070B2 /* UI */ = {
			isa = PBXGroup;
			children = (
				9431F2802BB5FA1F002070B2 /* Models */,
				9431F2822BB5FA1F002070B2 /* CountriesListViewModel.swift */,
				9431F2832BB5FA1F002070B2 /* CountriesListViewController.swift */,
				9431F2942BB5FCF1002070B2 /* CountryTableViewCell.swift */,
				9431F2962BB6FD90002070B2 /* RootNavigationController.swift */,
			);
			path = UI;
			sourceTree = "<group>";
		};
		9431F2802BB5FA1F002070B2 /* Models */ = {
			isa = PBXGroup;
			children = (
				9431F2812BB5FA1F002070B2 /* Country.swift */,
			);
			path = Models;
			sourceTree = "<group>";
		};
/* End PBXGroup section */

/* Begin PBXNativeTarget section */
		9431F24B2BB5F984002070B2 /* CountriesList-UIKit */ = {
			isa = PBXNativeTarget;
			buildConfigurationList = 9431F2602BB5F987002070B2 /* Build configuration list for PBXNativeTarget "CountriesList-UIKit" */;
			buildPhases = (
				9431F2482BB5F984002070B2 /* Sources */,
				9431F2492BB5F984002070B2 /* Frameworks */,
				9431F24A2BB5F984002070B2 /* Resources */,
			);
			buildRules = (
			);
			dependencies = (
			);
			name = "CountriesList-UIKit";
			productName = "CountriesList-UIKit";
			productReference = 9431F24C2BB5F984002070B2 /* CountriesList-UIKit.app */;
			productType = "com.apple.product-type.application";
		};
/* End PBXNativeTarget section */

/* Begin PBXProject section */
		9431F2442BB5F984002070B2 /* Project object */ = {
			isa = PBXProject;
			attributes = {
				BuildIndependentTargetsInParallel = 1;
				LastSwiftUpdateCheck = 1510;
				LastUpgradeCheck = 1510;
				TargetAttributes = {
					9431F24B2BB5F984002070B2 = {
						CreatedOnToolsVersion = 15.1;
					};
				};
			};
			buildConfigurationList = 9431F2472BB5F984002070B2 /* Build configuration list for PBXProject "CountriesList-UIKit" */;
			compatibilityVersion = "Xcode 14.0";
			developmentRegion = en;
			hasScannedForEncodings = 0;
			knownRegions = (
				en,
				Base,
			);
			mainGroup = 9431F2432BB5F984002070B2;
			productRefGroup = 9431F24D2BB5F984002070B2 /* Products */;
			projectDirPath = "";
			projectRoot = "";
			targets = (
				9431F24B2BB5F984002070B2 /* CountriesList-UIKit */,
			);
		};
/* End PBXProject section */

/* Begin PBXResourcesBuildPhase section */
		9431F24A2BB5F984002070B2 /* Resources */ = {
			isa = PBXResourcesBuildPhase;
			buildActionMask = 2147483647;
			files = (
				9431F25C2BB5F987002070B2 /* LaunchScreen.storyboard in Resources */,
				9431F2592BB5F987002070B2 /* Assets.xcassets in Resources */,
			);
			runOnlyForDeploymentPostprocessing = 0;
		};
/* End PBXResourcesBuildPhase section */

/* Begin PBXSourcesBuildPhase section */
		9431F2482BB5F984002070B2 /* Sources */ = {
			isa = PBXSourcesBuildPhase;
			buildActionMask = 2147483647;
			files = (
				9431F28F2BB5FA1F002070B2 /* Country.swift in Sources */,
				9431F28C2BB5FA1F002070B2 /* CountriesLocalStore.swift in Sources */,
				9431F2862BB5FA1F002070B2 /* APIHeader.swift in Sources */,
				9431F28D2BB5FA1F002070B2 /* UserDefaultsStore.swift in Sources */,
				9431F26C2BB5F9A5002070B2 /* AppDelegate.swift in Sources */,
				9431F28B2BB5FA1F002070B2 /* CountriesRequest.swift in Sources */,
				9431F2952BB5FCF1002070B2 /* CountryTableViewCell.swift in Sources */,
				9431F2872BB5FA1F002070B2 /* APIConstants.swift in Sources */,
				9431F2852BB5FA1F002070B2 /* APIError.swift in Sources */,
				9431F2882BB5FA1F002070B2 /* NetworkRequesting.swift in Sources */,
				9431F2912BB5FA1F002070B2 /* CountriesListViewController.swift in Sources */,
				9431F2972BB6FD90002070B2 /* RootNavigationController.swift in Sources */,
				9431F2842BB5FA1F002070B2 /* CountriesRequesting.swift in Sources */,
				9431F2902BB5FA1F002070B2 /* CountriesListViewModel.swift in Sources */,
				9431F2892BB5FA1F002070B2 /* APIRequest.swift in Sources */,
				9431F28A2BB5FA1F002070B2 /* CountryDTO.swift in Sources */,
				9431F28E2BB5FA1F002070B2 /* CountriesInteractor.swift in Sources */,
				9431F2692BB5F9A5002070B2 /* SceneDelegate.swift in Sources */,
			);
			runOnlyForDeploymentPostprocessing = 0;
		};
/* End PBXSourcesBuildPhase section */

/* Begin PBXVariantGroup section */
		9431F25A2BB5F987002070B2 /* LaunchScreen.storyboard */ = {
			isa = PBXVariantGroup;
			children = (
				9431F25B2BB5F987002070B2 /* Base */,
			);
			name = LaunchScreen.storyboard;
			sourceTree = "<group>";
		};
/* End PBXVariantGroup section */

/* Begin XCBuildConfiguration section */
		9431F25E2BB5F987002070B2 /* Debug */ = {
			isa = XCBuildConfiguration;
			buildSettings = {
				ALWAYS_SEARCH_USER_PATHS = NO;
				ASSETCATALOG_COMPILER_GENERATE_SWIFT_ASSET_SYMBOL_EXTENSIONS = YES;
				CLANG_ANALYZER_NONNULL = YES;
				CLANG_ANALYZER_NUMBER_OBJECT_CONVERSION = YES_AGGRESSIVE;
				CLANG_CXX_LANGUAGE_STANDARD = "gnu++20";
				CLANG_ENABLE_MODULES = YES;
				CLANG_ENABLE_OBJC_ARC = YES;
				CLANG_ENABLE_OBJC_WEAK = YES;
				CLANG_WARN_BLOCK_CAPTURE_AUTORELEASING = YES;
				CLANG_WARN_BOOL_CONVERSION = YES;
				CLANG_WARN_COMMA = YES;
				CLANG_WARN_CONSTANT_CONVERSION = YES;
				CLANG_WARN_DEPRECATED_OBJC_IMPLEMENTATIONS = YES;
				CLANG_WARN_DIRECT_OBJC_ISA_USAGE = YES_ERROR;
				CLANG_WARN_DOCUMENTATION_COMMENTS = YES;
				CLANG_WARN_EMPTY_BODY = YES;
				CLANG_WARN_ENUM_CONVERSION = YES;
				CLANG_WARN_INFINITE_RECURSION = YES;
				CLANG_WARN_INT_CONVERSION = YES;
				CLANG_WARN_NON_LITERAL_NULL_CONVERSION = YES;
				CLANG_WARN_OBJC_IMPLICIT_RETAIN_SELF = YES;
				CLANG_WARN_OBJC_LITERAL_CONVERSION = YES;
				CLANG_WARN_OBJC_ROOT_CLASS = YES_ERROR;
				CLANG_WARN_QUOTED_INCLUDE_IN_FRAMEWORK_HEADER = YES;
				CLANG_WARN_RANGE_LOOP_ANALYSIS = YES;
				CLANG_WARN_STRICT_PROTOTYPES = YES;
				CLANG_WARN_SUSPICIOUS_MOVE = YES;
				CLANG_WARN_UNGUARDED_AVAILABILITY = YES_AGGRESSIVE;
				CLANG_WARN_UNREACHABLE_CODE = YES;
				CLANG_WARN__DUPLICATE_METHOD_MATCH = YES;
				COPY_PHASE_STRIP = NO;
				DEBUG_INFORMATION_FORMAT = dwarf;
				ENABLE_STRICT_OBJC_MSGSEND = YES;
				ENABLE_TESTABILITY = YES;
				ENABLE_USER_SCRIPT_SANDBOXING = YES;
				GCC_C_LANGUAGE_STANDARD = gnu17;
				GCC_DYNAMIC_NO_PIC = NO;
				GCC_NO_COMMON_BLOCKS = YES;
				GCC_OPTIMIZATION_LEVEL = 0;
				GCC_PREPROCESSOR_DEFINITIONS = (
					"DEBUG=1",
					"$(inherited)",
				);
				GCC_WARN_64_TO_32_BIT_CONVERSION = YES;
				GCC_WARN_ABOUT_RETURN_TYPE = YES_ERROR;
				GCC_WARN_UNDECLARED_SELECTOR = YES;
				GCC_WARN_UNINITIALIZED_AUTOS = YES_AGGRESSIVE;
				GCC_WARN_UNUSED_FUNCTION = YES;
				GCC_WARN_UNUSED_VARIABLE = YES;
				IPHONEOS_DEPLOYMENT_TARGET = 17.2;
				LOCALIZATION_PREFERS_STRING_CATALOGS = YES;
				MTL_ENABLE_DEBUG_INFO = INCLUDE_SOURCE;
				MTL_FAST_MATH = YES;
				ONLY_ACTIVE_ARCH = YES;
				SDKROOT = iphoneos;
				SWIFT_ACTIVE_COMPILATION_CONDITIONS = "DEBUG $(inherited)";
				SWIFT_OPTIMIZATION_LEVEL = "-Onone";
			};
			name = Debug;
		};
		9431F25F2BB5F987002070B2 /* Release */ = {
			isa = XCBuildConfiguration;
			buildSettings = {
				ALWAYS_SEARCH_USER_PATHS = NO;
				ASSETCATALOG_COMPILER_GENERATE_SWIFT_ASSET_SYMBOL_EXTENSIONS = YES;
				CLANG_ANALYZER_NONNULL = YES;
				CLANG_ANALYZER_NUMBER_OBJECT_CONVERSION = YES_AGGRESSIVE;
				CLANG_CXX_LANGUAGE_STANDARD = "gnu++20";
				CLANG_ENABLE_MODULES = YES;
				CLANG_ENABLE_OBJC_ARC = YES;
				CLANG_ENABLE_OBJC_WEAK = YES;
				CLANG_WARN_BLOCK_CAPTURE_AUTORELEASING = YES;
				CLANG_WARN_BOOL_CONVERSION = YES;
				CLANG_WARN_COMMA = YES;
				CLANG_WARN_CONSTANT_CONVERSION = YES;
				CLANG_WARN_DEPRECATED_OBJC_IMPLEMENTATIONS = YES;
				CLANG_WARN_DIRECT_OBJC_ISA_USAGE = YES_ERROR;
				CLANG_WARN_DOCUMENTATION_COMMENTS = YES;
				CLANG_WARN_EMPTY_BODY = YES;
				CLANG_WARN_ENUM_CONVERSION = YES;
				CLANG_WARN_INFINITE_RECURSION = YES;
				CLANG_WARN_INT_CONVERSION = YES;
				CLANG_WARN_NON_LITERAL_NULL_CONVERSION = YES;
				CLANG_WARN_OBJC_IMPLICIT_RETAIN_SELF = YES;
				CLANG_WARN_OBJC_LITERAL_CONVERSION = YES;
				CLANG_WARN_OBJC_ROOT_CLASS = YES_ERROR;
				CLANG_WARN_QUOTED_INCLUDE_IN_FRAMEWORK_HEADER = YES;
				CLANG_WARN_RANGE_LOOP_ANALYSIS = YES;
				CLANG_WARN_STRICT_PROTOTYPES = YES;
				CLANG_WARN_SUSPICIOUS_MOVE = YES;
				CLANG_WARN_UNGUARDED_AVAILABILITY = YES_AGGRESSIVE;
				CLANG_WARN_UNREACHABLE_CODE = YES;
				CLANG_WARN__DUPLICATE_METHOD_MATCH = YES;
				COPY_PHASE_STRIP = NO;
				DEBUG_INFORMATION_FORMAT = "dwarf-with-dsym";
				ENABLE_NS_ASSERTIONS = NO;
				ENABLE_STRICT_OBJC_MSGSEND = YES;
				ENABLE_USER_SCRIPT_SANDBOXING = YES;
				GCC_C_LANGUAGE_STANDARD = gnu17;
				GCC_NO_COMMON_BLOCKS = YES;
				GCC_WARN_64_TO_32_BIT_CONVERSION = YES;
				GCC_WARN_ABOUT_RETURN_TYPE = YES_ERROR;
				GCC_WARN_UNDECLARED_SELECTOR = YES;
				GCC_WARN_UNINITIALIZED_AUTOS = YES_AGGRESSIVE;
				GCC_WARN_UNUSED_FUNCTION = YES;
				GCC_WARN_UNUSED_VARIABLE = YES;
				IPHONEOS_DEPLOYMENT_TARGET = 17.2;
				LOCALIZATION_PREFERS_STRING_CATALOGS = YES;
				MTL_ENABLE_DEBUG_INFO = NO;
				MTL_FAST_MATH = YES;
				SDKROOT = iphoneos;
				SWIFT_COMPILATION_MODE = wholemodule;
				VALIDATE_PRODUCT = YES;
			};
			name = Release;
		};
		9431F2612BB5F987002070B2 /* Debug */ = {
			isa = XCBuildConfiguration;
			buildSettings = {
				ASSETCATALOG_COMPILER_APPICON_NAME = AppIcon;
				ASSETCATALOG_COMPILER_GLOBAL_ACCENT_COLOR_NAME = AccentColor;
				CODE_SIGN_STYLE = Automatic;
				CURRENT_PROJECT_VERSION = 1;
				DEVELOPMENT_TEAM = 435ZY68D35;
				GENERATE_INFOPLIST_FILE = YES;
				INFOPLIST_FILE = "CountriesList-UIKit/Info.plist";
				INFOPLIST_KEY_UIApplicationSupportsIndirectInputEvents = YES;
				INFOPLIST_KEY_UILaunchStoryboardName = LaunchScreen;
				INFOPLIST_KEY_UISupportedInterfaceOrientations = UIInterfaceOrientationPortrait;
				INFOPLIST_KEY_UISupportedInterfaceOrientations_iPad = "UIInterfaceOrientationLandscapeLeft UIInterfaceOrientationLandscapeRight UIInterfaceOrientationPortrait UIInterfaceOrientationPortraitUpsideDown";
				IPHONEOS_DEPLOYMENT_TARGET = 16.0;
				LD_RUNPATH_SEARCH_PATHS = (
					"$(inherited)",
					"@executable_path/Frameworks",
				);
				MARKETING_VERSION = 1.0;
				PRODUCT_BUNDLE_IDENTIFIER = "com.cg.CountriesList-UIKit";
				PRODUCT_NAME = "$(TARGET_NAME)";
				SUPPORTED_PLATFORMS = "iphoneos iphonesimulator";
				SUPPORTS_MACCATALYST = NO;
				SUPPORTS_MAC_DESIGNED_FOR_IPHONE_IPAD = NO;
				SWIFT_EMIT_LOC_STRINGS = YES;
				SWIFT_VERSION = 5.0;
				TARGETED_DEVICE_FAMILY = 1;
			};
			name = Debug;
		};
		9431F2622BB5F987002070B2 /* Release */ = {
			isa = XCBuildConfiguration;
			buildSettings = {
				ASSETCATALOG_COMPILER_APPICON_NAME = AppIcon;
				ASSETCATALOG_COMPILER_GLOBAL_ACCENT_COLOR_NAME = AccentColor;
				CODE_SIGN_STYLE = Automatic;
				CURRENT_PROJECT_VERSION = 1;
				DEVELOPMENT_TEAM = 435ZY68D35;
				GENERATE_INFOPLIST_FILE = YES;
				INFOPLIST_FILE = "CountriesList-UIKit/Info.plist";
				INFOPLIST_KEY_UIApplicationSupportsIndirectInputEvents = YES;
				INFOPLIST_KEY_UILaunchStoryboardName = LaunchScreen;
				INFOPLIST_KEY_UISupportedInterfaceOrientations = UIInterfaceOrientationPortrait;
				INFOPLIST_KEY_UISupportedInterfaceOrientations_iPad = "UIInterfaceOrientationLandscapeLeft UIInterfaceOrientationLandscapeRight UIInterfaceOrientationPortrait UIInterfaceOrientationPortraitUpsideDown";
				IPHONEOS_DEPLOYMENT_TARGET = 16.0;
				LD_RUNPATH_SEARCH_PATHS = (
					"$(inherited)",
					"@executable_path/Frameworks",
				);
				MARKETING_VERSION = 1.0;
				PRODUCT_BUNDLE_IDENTIFIER = "com.cg.CountriesList-UIKit";
				PRODUCT_NAME = "$(TARGET_NAME)";
				SUPPORTED_PLATFORMS = "iphoneos iphonesimulator";
				SUPPORTS_MACCATALYST = NO;
				SUPPORTS_MAC_DESIGNED_FOR_IPHONE_IPAD = NO;
				SWIFT_EMIT_LOC_STRINGS = YES;
				SWIFT_VERSION = 5.0;
				TARGETED_DEVICE_FAMILY = 1;
			};
			name = Release;
		};
/* End XCBuildConfiguration section */

/* Begin XCConfigurationList section */
		9431F2472BB5F984002070B2 /* Build configuration list for PBXProject "CountriesList-UIKit" */ = {
			isa = XCConfigurationList;
			buildConfigurations = (
				9431F25E2BB5F987002070B2 /* Debug */,
				9431F25F2BB5F987002070B2 /* Release */,
			);
			defaultConfigurationIsVisible = 0;
			defaultConfigurationName = Release;
		};
		9431F2602BB5F987002070B2 /* Build configuration list for PBXNativeTarget "CountriesList-UIKit" */ = {
			isa = XCConfigurationList;
			buildConfigurations = (
				9431F2612BB5F987002070B2 /* Debug */,
				9431F2622BB5F987002070B2 /* Release */,
			);
			defaultConfigurationIsVisible = 0;
			defaultConfigurationName = Release;
		};
/* End XCConfigurationList section */
	};
	rootObject = 9431F2442BB5F984002070B2 /* Project object */;
}
